
Microsoft Visual Studio Solution File, Format Version 12.00
# Visual Studio 14
VisualStudioVersion = 14.0.25402.0
MinimumVisualStudioVersion = 10.0.40219.1
Project("{FAE04EC0-301F-11D3-BF4B-00C04F79EFBC}") = "MBS.SequentialTask", "MBS.SequentialTask\MBS.SequentialTask.csproj", "{CF734389-2619-416E-BD5E-6E72BA1C7AD2}"
EndProject
Project("{FAE04EC0-301F-11D3-BF4B-00C04F79EFBC}") = "MBS.SequentialTask.Test", "MBS.SequentialTask.Test\MBS.SequentialTask.Test.csproj", "{F93B86AB-017D-4548-B996-19DC466513D9}"
EndProject
Global
	GlobalSection(SolutionConfigurationPlatforms) = preSolution
		Debug|Any CPU = Debug|Any CPU
		Release|Any CPU = Release|Any CPU
	EndGlobalSection
	GlobalSection(ProjectConfigurationPlatforms) = postSolution
		{CF734389-2619-416E-BD5E-6E72BA1C7AD2}.Debug|Any CPU.ActiveCfg = Debug|Any CPU
		{CF734389-2619-416E-BD5E-6E72BA1C7AD2}.Debug|Any CPU.Build.0 = Debug|Any CPU
		{CF734389-2619-416E-BD5E-6E72BA1C7AD2}.Release|Any CPU.ActiveCfg = Release|Any CPU
		{CF734389-2619-416E-BD5E-6E72BA1C7AD2}.Release|Any CPU.Build.0 = Release|Any CPU
		{F93B86AB-017D-4548-B996-19DC466513D9}.Debug|Any CPU.ActiveCfg = Debug|Any CPU
		{F93B86AB-017D-4548-B996-19DC466513D9}.Debug|Any CPU.Build.0 = Debug|Any CPU
		{F93B86AB-017D-4548-B996-19DC466513D9}.Release|Any CPU.ActiveCfg = Release|Any CPU
		{F93B86AB-017D-4548-B996-19DC466513D9}.Release|Any CPU.Build.0 = Release|Any CPU
	EndGlobalSection
	GlobalSection(SolutionProperties) = preSolution
		HideSolutionNode = FALSE
	EndGlobalSection
EndGlobal
